
Microsoft Visual Studio Solution File, Format Version 12.00
# Visual Studio Version 17
VisualStudioVersion = 17.14.36121.58 d17.14
MinimumVisualStudioVersion = 10.0.40219.1
Project("{FAE04EC0-301F-11D3-BF4B-00C04F79EFBC}") = "Jotly.api", "Jotly.api\Jotly.api.csproj", "{03A36C1C-4A50-44E0-9EEB-504D698C5658}"
EndProject
Global
	GlobalSection(SolutionConfigurationPlatforms) = preSolution
		Debug|Any CPU = Debug|Any CPU
		Release|Any CPU = Release|Any CPU
	EndGlobalSection
	GlobalSection(ProjectConfigurationPlatforms) = postSolution
		{03A36C1C-4A50-44E0-9EEB-504D698C5658}.Debug|Any CPU.ActiveCfg = Debug|Any CPU
		{03A36C1C-4A50-44E0-9EEB-504D698C5658}.Debug|Any CPU.Build.0 = Debug|Any CPU
		{03A36C1C-4A50-44E0-9EEB-504D698C5658}.Release|Any CPU.ActiveCfg = Release|Any CPU
		{03A36C1C-4A50-44E0-9EEB-504D698C5658}.Release|Any CPU.Build.0 = Release|Any CPU
	EndGlobalSection
	GlobalSection(SolutionProperties) = preSolution
		HideSolutionNode = FALSE
	EndGlobalSection
	GlobalSection(ExtensibilityGlobals) = postSolution
		SolutionGuid = {F956B021-E338-4470-9BA5-4D5AE49835D0}
	EndGlobalSection
EndGlobal
